
Microsoft Visual Studio Solution File, Format Version 12.00
# Visual Studio Version 17
VisualStudioVersion = 17.8.34330.188
MinimumVisualStudioVersion = 10.0.40219.1
Project("{9A19103F-16F7-4668-BE54-9A1E7A4F7556}") = "KinectSensorStreams", "KinectSensorStreams\KinectSensorStreams.csproj", "{7004F18C-B43F-4111-A7FA-D803217D5474}"
EndProject
Project("{FAE04EC0-301F-11D3-BF4B-00C04F79EFBC}") = "KinectConnection", "KinectConnection\KinectConnection.csproj", "{E527438A-DFA2-4EC6-9891-D4956152B093}"
EndProject
Global
	GlobalSection(SolutionConfigurationPlatforms) = preSolution
		Debug|Any CPU = Debug|Any CPU
		Release|Any CPU = Release|Any CPU
	EndGlobalSection
	GlobalSection(ProjectConfigurationPlatforms) = postSolution
		{7004F18C-B43F-4111-A7FA-D803217D5474}.Debug|Any CPU.ActiveCfg = Debug|Any CPU
		{7004F18C-B43F-4111-A7FA-D803217D5474}.Debug|Any CPU.Build.0 = Debug|Any CPU
		{7004F18C-B43F-4111-A7FA-D803217D5474}.Release|Any CPU.ActiveCfg = Release|Any CPU
		{7004F18C-B43F-4111-A7FA-D803217D5474}.Release|Any CPU.Build.0 = Release|Any CPU
		{E527438A-DFA2-4EC6-9891-D4956152B093}.Debug|Any CPU.ActiveCfg = Debug|Any CPU
		{E527438A-DFA2-4EC6-9891-D4956152B093}.Debug|Any CPU.Build.0 = Debug|Any CPU
		{E527438A-DFA2-4EC6-9891-D4956152B093}.Release|Any CPU.ActiveCfg = Release|Any CPU
		{E527438A-DFA2-4EC6-9891-D4956152B093}.Release|Any CPU.Build.0 = Release|Any CPU
	EndGlobalSection
	GlobalSection(SolutionProperties) = preSolution
		HideSolutionNode = FALSE
	EndGlobalSection
	GlobalSection(ExtensibilityGlobals) = postSolution
		SolutionGuid = {0BCB5BD2-D160-4F37-912B-093F04DF5757}
	EndGlobalSection
EndGlobal
